
Microsoft Visual Studio Solution File, Format Version 12.00
# Visual Studio 15
VisualStudioVersion = 15.0.28307.1062
MinimumVisualStudioVersion = 10.0.40219.1
Project("{FAE04EC0-301F-11D3-BF4B-00C04F79EFBC}") = "CetBookStoreHomework", "CetBookStoreHomework\CetBookStoreHomework.csproj", "{BBADC72F-9CB4-4247-BB85-A86576F960E7}"
EndProject
Global
	GlobalSection(SolutionConfigurationPlatforms) = preSolution
		Debug|Any CPU = Debug|Any CPU
		Release|Any CPU = Release|Any CPU
	EndGlobalSection
	GlobalSection(ProjectConfigurationPlatforms) = postSolution
		{BBADC72F-9CB4-4247-BB85-A86576F960E7}.Debug|Any CPU.ActiveCfg = Debug|Any CPU
		{BBADC72F-9CB4-4247-BB85-A86576F960E7}.Debug|Any CPU.Build.0 = Debug|Any CPU
		{BBADC72F-9CB4-4247-BB85-A86576F960E7}.Release|Any CPU.ActiveCfg = Release|Any CPU
		{BBADC72F-9CB4-4247-BB85-A86576F960E7}.Release|Any CPU.Build.0 = Release|Any CPU
	EndGlobalSection
	GlobalSection(SolutionProperties) = preSolution
		HideSolutionNode = FALSE
	EndGlobalSection
	GlobalSection(ExtensibilityGlobals) = postSolution
		SolutionGuid = {99FAD6EF-D607-4EBE-BBD9-827CA0DEDF18}
	EndGlobalSection
EndGlobal
